
Microsoft Visual Studio Solution File, Format Version 12.00
# Visual Studio Version 17
VisualStudioVersion = 17.9.34723.18
MinimumVisualStudioVersion = 10.0.40219.1
Project("{FAE04EC0-301F-11D3-BF4B-00C04F79EFBC}") = "ISM6225_Spring_2024_Assignment_2", "ISM6225_Spring_2024_Assignment_2.csproj", "{1AB68A28-43AD-4214-B9B5-FBFF64593999}"
EndProject
Global
	GlobalSection(SolutionConfigurationPlatforms) = preSolution
		Debug|Any CPU = Debug|Any CPU
		Release|Any CPU = Release|Any CPU
	EndGlobalSection
	GlobalSection(ProjectConfigurationPlatforms) = postSolution
		{1AB68A28-43AD-4214-B9B5-FBFF64593999}.Debug|Any CPU.ActiveCfg = Debug|Any CPU
		{1AB68A28-43AD-4214-B9B5-FBFF64593999}.Debug|Any CPU.Build.0 = Debug|Any CPU
		{1AB68A28-43AD-4214-B9B5-FBFF64593999}.Release|Any CPU.ActiveCfg = Release|Any CPU
		{1AB68A28-43AD-4214-B9B5-FBFF64593999}.Release|Any CPU.Build.0 = Release|Any CPU
	EndGlobalSection
	GlobalSection(SolutionProperties) = preSolution
		HideSolutionNode = FALSE
	EndGlobalSection
	GlobalSection(ExtensibilityGlobals) = postSolution
		SolutionGuid = {7897FF96-ACCC-402F-8840-7855D3351067}
	EndGlobalSection
EndGlobal
